
Microsoft Visual Studio Solution File, Format Version 12.00
# Visual Studio 14
VisualStudioVersion = 14.0.25420.1
MinimumVisualStudioVersion = 10.0.40219.1
Project("{FAE04EC0-301F-11D3-BF4B-00C04F79EFBC}") = "WPFCustomControls", "WPFCustomControls\WPFCustomControls.csproj", "{A83434F2-C06A-49A6-B306-5096BBE8614C}"
EndProject
Project("{FAE04EC0-301F-11D3-BF4B-00C04F79EFBC}") = "WPFCustomControlsTest", "WPFCustomControlsTest\WPFCustomControlsTest.csproj", "{0D29C043-B1AC-41F3-B516-54F31CD21696}"
EndProject
Project("{2150E333-8FDC-42A3-9474-1A3956D46DE8}") = "CustomControls", "CustomControls", "{CCDC6F91-FB76-4C80-8277-61CAAE6CCE6A}"
EndProject
Project("{2150E333-8FDC-42A3-9474-1A3956D46DE8}") = "MVVM", "MVVM", "{30FD9ABB-A5E4-4F17-8096-3440D3A52ACF}"
EndProject
Global
	GlobalSection(SolutionConfigurationPlatforms) = preSolution
		Debug|Any CPU = Debug|Any CPU
		Release|Any CPU = Release|Any CPU
	EndGlobalSection
	GlobalSection(ProjectConfigurationPlatforms) = postSolution
		{A83434F2-C06A-49A6-B306-5096BBE8614C}.Debug|Any CPU.ActiveCfg = Debug|Any CPU
		{A83434F2-C06A-49A6-B306-5096BBE8614C}.Debug|Any CPU.Build.0 = Debug|Any CPU
		{A83434F2-C06A-49A6-B306-5096BBE8614C}.Release|Any CPU.ActiveCfg = Release|Any CPU
		{A83434F2-C06A-49A6-B306-5096BBE8614C}.Release|Any CPU.Build.0 = Release|Any CPU
		{0D29C043-B1AC-41F3-B516-54F31CD21696}.Debug|Any CPU.ActiveCfg = Debug|Any CPU
		{0D29C043-B1AC-41F3-B516-54F31CD21696}.Debug|Any CPU.Build.0 = Debug|Any CPU
		{0D29C043-B1AC-41F3-B516-54F31CD21696}.Release|Any CPU.ActiveCfg = Release|Any CPU
		{0D29C043-B1AC-41F3-B516-54F31CD21696}.Release|Any CPU.Build.0 = Release|Any CPU
	EndGlobalSection
	GlobalSection(SolutionProperties) = preSolution
		HideSolutionNode = FALSE
	EndGlobalSection
	GlobalSection(NestedProjects) = preSolution
		{A83434F2-C06A-49A6-B306-5096BBE8614C} = {CCDC6F91-FB76-4C80-8277-61CAAE6CCE6A}
		{0D29C043-B1AC-41F3-B516-54F31CD21696} = {CCDC6F91-FB76-4C80-8277-61CAAE6CCE6A}
	EndGlobalSection
EndGlobal
